
Microsoft Visual Studio Solution File, Format Version 12.00
# Visual Studio Version 17
VisualStudioVersion = 17.4.33122.133
MinimumVisualStudioVersion = 10.0.40219.1
Project("{FAE04EC0-301F-11D3-BF4B-00C04F79EFBC}") = "ProductReturnRequest", "ProductReturnRequest.csproj", "{98361EBE-A181-4F50-979E-567B49694C71}"
EndProject
Global
	GlobalSection(SolutionConfigurationPlatforms) = preSolution
		Debug|Any CPU = Debug|Any CPU
		Release|Any CPU = Release|Any CPU
	EndGlobalSection
	GlobalSection(ProjectConfigurationPlatforms) = postSolution
		{98361EBE-A181-4F50-979E-567B49694C71}.Debug|Any CPU.ActiveCfg = Debug|Any CPU
		{98361EBE-A181-4F50-979E-567B49694C71}.Debug|Any CPU.Build.0 = Debug|Any CPU
		{98361EBE-A181-4F50-979E-567B49694C71}.Release|Any CPU.ActiveCfg = Release|Any CPU
		{98361EBE-A181-4F50-979E-567B49694C71}.Release|Any CPU.Build.0 = Release|Any CPU
	EndGlobalSection
	GlobalSection(SolutionProperties) = preSolution
		HideSolutionNode = FALSE
	EndGlobalSection
	GlobalSection(ExtensibilityGlobals) = postSolution
		SolutionGuid = {0F7FF7DF-40C5-45AE-9D82-AF06E491B9B7}
	EndGlobalSection
EndGlobal
